// !$*UTF8*$!
{
	archiveVersion = 1;
	classes = {
	};
	objectVersion = 56;
	objects = {

/* Begin PBXBuildFile section */
		ACB944892994DC1600FAC94C /* Extension + UILabel.swift in Sources */ = {isa = PBXBuildFile; fileRef = ACB944882994DC1600FAC94C /* Extension + UILabel.swift */; };
		ACB9448B2994DFFA00FAC94C /* Extension + UIImageView.swift in Sources */ = {isa = PBXBuildFile; fileRef = ACB9448A2994DFFA00FAC94C /* Extension + UIImageView.swift */; };
		ACB9448D2994E2AF00FAC94C /* Extension + UIButton.swift in Sources */ = {isa = PBXBuildFile; fileRef = ACB9448C2994E2AF00FAC94C /* Extension + UIButton.swift */; };
		ACC45E4A2992BF4800E88D7B /* AppDelegate.swift in Sources */ = {isa = PBXBuildFile; fileRef = ACC45E492992BF4800E88D7B /* AppDelegate.swift */; };
		ACC45E4C2992BF4800E88D7B /* SceneDelegate.swift in Sources */ = {isa = PBXBuildFile; fileRef = ACC45E4B2992BF4800E88D7B /* SceneDelegate.swift */; };
		ACC45E4E2992BF4800E88D7B /* ViewController.swift in Sources */ = {isa = PBXBuildFile; fileRef = ACC45E4D2992BF4800E88D7B /* ViewController.swift */; };
		ACC45E532992BF4900E88D7B /* Assets.xcassets in Resources */ = {isa = PBXBuildFile; fileRef = ACC45E522992BF4900E88D7B /* Assets.xcassets */; };
		ACC45E562992BF4900E88D7B /* LaunchScreen.storyboard in Resources */ = {isa = PBXBuildFile; fileRef = ACC45E542992BF4900E88D7B /* LaunchScreen.storyboard */; };
		ACD9327229936D69001478F9 /* PresentationController.swift in Sources */ = {isa = PBXBuildFile; fileRef = ACD9327129936D69001478F9 /* PresentationController.swift */; };
		ACD93278299374E9001478F9 /* Item.swift in Sources */ = {isa = PBXBuildFile; fileRef = ACD93277299374E9001478F9 /* Item.swift */; };
		ACD9327A29937666001478F9 /* ListSection.swift in Sources */ = {isa = PBXBuildFile; fileRef = ACD9327929937666001478F9 /* ListSection.swift */; };
		ACD9327C2993777B001478F9 /* Data.swift in Sources */ = {isa = PBXBuildFile; fileRef = ACD9327B2993777B001478F9 /* Data.swift */; };
		ACD9327F299378D7001478F9 /* MainCollectionCell.swift in Sources */ = {isa = PBXBuildFile; fileRef = ACD9327E299378D7001478F9 /* MainCollectionCell.swift */; };
		ACD9328129937999001478F9 /* DescriptionCollectionCell.swift in Sources */ = {isa = PBXBuildFile; fileRef = ACD9328029937999001478F9 /* DescriptionCollectionCell.swift */; };
		ACD9328329937E05001478F9 /* KindProfessionCollectionCell.swift in Sources */ = {isa = PBXBuildFile; fileRef = ACD9328229937E05001478F9 /* KindProfessionCollectionCell.swift */; };
		ACD932852993803A001478F9 /* OtherDescriptionCollectionCell.swift in Sources */ = {isa = PBXBuildFile; fileRef = ACD932842993803A001478F9 /* OtherDescriptionCollectionCell.swift */; };
		ACD93287299383C4001478F9 /* SupportFirstCollectionCell.swift in Sources */ = {isa = PBXBuildFile; fileRef = ACD93286299383C4001478F9 /* SupportFirstCollectionCell.swift */; };
		ACD93289299383D8001478F9 /* SupportSecondCollectionCell.swift in Sources */ = {isa = PBXBuildFile; fileRef = ACD93288299383D8001478F9 /* SupportSecondCollectionCell.swift */; };
/* End PBXBuildFile section */

/* Begin PBXFileReference section */
		ACB944882994DC1600FAC94C /* Extension + UILabel.swift */ = {isa = PBXFileReference; lastKnownFileType = sourcecode.swift; path = "Extension + UILabel.swift"; sourceTree = "<group>"; };
		ACB9448A2994DFFA00FAC94C /* Extension + UIImageView.swift */ = {isa = PBXFileReference; lastKnownFileType = sourcecode.swift; path = "Extension + UIImageView.swift"; sourceTree = "<group>"; };
		ACB9448C2994E2AF00FAC94C /* Extension + UIButton.swift */ = {isa = PBXFileReference; lastKnownFileType = sourcecode.swift; path = "Extension + UIButton.swift"; sourceTree = "<group>"; };
		ACC45E462992BF4800E88D7B /* SURF.app */ = {isa = PBXFileReference; explicitFileType = wrapper.application; includeInIndex = 0; path = SURF.app; sourceTree = BUILT_PRODUCTS_DIR; };
		ACC45E492992BF4800E88D7B /* AppDelegate.swift */ = {isa = PBXFileReference; lastKnownFileType = sourcecode.swift; path = AppDelegate.swift; sourceTree = "<group>"; };
		ACC45E4B2992BF4800E88D7B /* SceneDelegate.swift */ = {isa = PBXFileReference; lastKnownFileType = sourcecode.swift; path = SceneDelegate.swift; sourceTree = "<group>"; };
		ACC45E4D2992BF4800E88D7B /* ViewController.swift */ = {isa = PBXFileReference; lastKnownFileType = sourcecode.swift; path = ViewController.swift; sourceTree = "<group>"; };
		ACC45E522992BF4900E88D7B /* Assets.xcassets */ = {isa = PBXFileReference; lastKnownFileType = folder.assetcatalog; path = Assets.xcassets; sourceTree = "<group>"; };
		ACC45E552992BF4900E88D7B /* Base */ = {isa = PBXFileReference; lastKnownFileType = file.storyboard; name = Base; path = Base.lproj/LaunchScreen.storyboard; sourceTree = "<group>"; };
		ACC45E572992BF4900E88D7B /* Info.plist */ = {isa = PBXFileReference; lastKnownFileType = text.plist.xml; path = Info.plist; sourceTree = "<group>"; };
		ACD9327129936D69001478F9 /* PresentationController.swift */ = {isa = PBXFileReference; lastKnownFileType = sourcecode.swift; path = PresentationController.swift; sourceTree = "<group>"; };
		ACD93277299374E9001478F9 /* Item.swift */ = {isa = PBXFileReference; lastKnownFileType = sourcecode.swift; path = Item.swift; sourceTree = "<group>"; };
		ACD9327929937666001478F9 /* ListSection.swift */ = {isa = PBXFileReference; lastKnownFileType = sourcecode.swift; path = ListSection.swift; sourceTree = "<group>"; };
		ACD9327B2993777B001478F9 /* Data.swift */ = {isa = PBXFileReference; lastKnownFileType = sourcecode.swift; path = Data.swift; sourceTree = "<group>"; };
		ACD9327E299378D7001478F9 /* MainCollectionCell.swift */ = {isa = PBXFileReference; lastKnownFileType = sourcecode.swift; path = MainCollectionCell.swift; sourceTree = "<group>"; };
		ACD9328029937999001478F9 /* DescriptionCollectionCell.swift */ = {isa = PBXFileReference; lastKnownFileType = sourcecode.swift; path = DescriptionCollectionCell.swift; sourceTree = "<group>"; };
		ACD9328229937E05001478F9 /* KindProfessionCollectionCell.swift */ = {isa = PBXFileReference; lastKnownFileType = sourcecode.swift; path = KindProfessionCollectionCell.swift; sourceTree = "<group>"; };
		ACD932842993803A001478F9 /* OtherDescriptionCollectionCell.swift */ = {isa = PBXFileReference; lastKnownFileType = sourcecode.swift; path = OtherDescriptionCollectionCell.swift; sourceTree = "<group>"; };
		ACD93286299383C4001478F9 /* SupportFirstCollectionCell.swift */ = {isa = PBXFileReference; lastKnownFileType = sourcecode.swift; path = SupportFirstCollectionCell.swift; sourceTree = "<group>"; };
		ACD93288299383D8001478F9 /* SupportSecondCollectionCell.swift */ = {isa = PBXFileReference; lastKnownFileType = sourcecode.swift; path = SupportSecondCollectionCell.swift; sourceTree = "<group>"; };
/* End PBXFileReference section */

/* Begin PBXFrameworksBuildPhase section */
		ACC45E432992BF4800E88D7B /* Frameworks */ = {
			isa = PBXFrameworksBuildPhase;
			buildActionMask = 2147483647;
			files = (
			);
			runOnlyForDeploymentPostprocessing = 0;
		};
/* End PBXFrameworksBuildPhase section */

/* Begin PBXGroup section */
		ACB944872994DC0A00FAC94C /* Extension  */ = {
			isa = PBXGroup;
			children = (
				ACB944882994DC1600FAC94C /* Extension + UILabel.swift */,
				ACB9448A2994DFFA00FAC94C /* Extension + UIImageView.swift */,
				ACB9448C2994E2AF00FAC94C /* Extension + UIButton.swift */,
			);
			path = "Extension ";
			sourceTree = "<group>";
		};
		ACC45E3D2992BF4800E88D7B = {
			isa = PBXGroup;
			children = (
				ACC45E482992BF4800E88D7B /* SURF */,
				ACC45E472992BF4800E88D7B /* Products */,
			);
			sourceTree = "<group>";
		};
		ACC45E472992BF4800E88D7B /* Products */ = {
			isa = PBXGroup;
			children = (
				ACC45E462992BF4800E88D7B /* SURF.app */,
			);
			name = Products;
			sourceTree = "<group>";
		};
		ACC45E482992BF4800E88D7B /* SURF */ = {
			isa = PBXGroup;
			children = (
				ACB944872994DC0A00FAC94C /* Extension  */,
				ACD9327D299378C5001478F9 /* Cells */,
				ACD93276299374E0001478F9 /* Model */,
				ACD93273299374BD001478F9 /* Supporting */,
				ACD93275299374D1001478F9 /* Controllers */,
				ACD93274299374C8001478F9 /* Resources */,
				ACC45E572992BF4900E88D7B /* Info.plist */,
			);
			path = SURF;
			sourceTree = "<group>";
		};
		ACD93273299374BD001478F9 /* Supporting */ = {
			isa = PBXGroup;
			children = (
				ACC45E492992BF4800E88D7B /* AppDelegate.swift */,
				ACC45E4B2992BF4800E88D7B /* SceneDelegate.swift */,
			);
			path = Supporting;
			sourceTree = "<group>";
		};
		ACD93274299374C8001478F9 /* Resources */ = {
			isa = PBXGroup;
			children = (
				ACC45E522992BF4900E88D7B /* Assets.xcassets */,
				ACC45E542992BF4900E88D7B /* LaunchScreen.storyboard */,
			);
			path = Resources;
			sourceTree = "<group>";
		};
		ACD93275299374D1001478F9 /* Controllers */ = {
			isa = PBXGroup;
			children = (
				ACC45E4D2992BF4800E88D7B /* ViewController.swift */,
				ACD9327129936D69001478F9 /* PresentationController.swift */,
			);
			path = Controllers;
			sourceTree = "<group>";
		};
		ACD93276299374E0001478F9 /* Model */ = {
			isa = PBXGroup;
			children = (
				ACD93277299374E9001478F9 /* Item.swift */,
				ACD9327929937666001478F9 /* ListSection.swift */,
				ACD9327B2993777B001478F9 /* Data.swift */,
			);
			path = Model;
			sourceTree = "<group>";
		};
		ACD9327D299378C5001478F9 /* Cells */ = {
			isa = PBXGroup;
			children = (
				ACD9327E299378D7001478F9 /* MainCollectionCell.swift */,
				ACD9328029937999001478F9 /* DescriptionCollectionCell.swift */,
				ACD9328229937E05001478F9 /* KindProfessionCollectionCell.swift */,
				ACD932842993803A001478F9 /* OtherDescriptionCollectionCell.swift */,
				ACD93286299383C4001478F9 /* SupportFirstCollectionCell.swift */,
				ACD93288299383D8001478F9 /* SupportSecondCollectionCell.swift */,
			);
			name = Cells;
			sourceTree = "<group>";
		};
/* End PBXGroup section */

/* Begin PBXNativeTarget section */
		ACC45E452992BF4800E88D7B /* SURF */ = {
			isa = PBXNativeTarget;
			buildConfigurationList = ACC45E5A2992BF4900E88D7B /* Build configuration list for PBXNativeTarget "SURF" */;
			buildPhases = (
				ACC45E422992BF4800E88D7B /* Sources */,
				ACC45E432992BF4800E88D7B /* Frameworks */,
				ACC45E442992BF4800E88D7B /* Resources */,
			);
			buildRules = (
			);
			dependencies = (
			);
			name = SURF;
			productName = SURF;
			productReference = ACC45E462992BF4800E88D7B /* SURF.app */;
			productType = "com.apple.product-type.application";
		};
/* End PBXNativeTarget section */

/* Begin PBXProject section */
		ACC45E3E2992BF4800E88D7B /* Project object */ = {
			isa = PBXProject;
			attributes = {
				BuildIndependentTargetsInParallel = 1;
				LastSwiftUpdateCheck = 1400;
				LastUpgradeCheck = 1400;
				TargetAttributes = {
					ACC45E452992BF4800E88D7B = {
						CreatedOnToolsVersion = 14.0.1;
					};
				};
			};
			buildConfigurationList = ACC45E412992BF4800E88D7B /* Build configuration list for PBXProject "SURF" */;
			compatibilityVersion = "Xcode 14.0";
			developmentRegion = en;
			hasScannedForEncodings = 0;
			knownRegions = (
				en,
				Base,
			);
			mainGroup = ACC45E3D2992BF4800E88D7B;
			productRefGroup = ACC45E472992BF4800E88D7B /* Products */;
			projectDirPath = "";
			projectRoot = "";
			targets = (
				ACC45E452992BF4800E88D7B /* SURF */,
			);
		};
/* End PBXProject section */

/* Begin PBXResourcesBuildPhase section */
		ACC45E442992BF4800E88D7B /* Resources */ = {
			isa = PBXResourcesBuildPhase;
			buildActionMask = 2147483647;
			files = (
				ACC45E562992BF4900E88D7B /* LaunchScreen.storyboard in Resources */,
				ACC45E532992BF4900E88D7B /* Assets.xcassets in Resources */,
			);
			runOnlyForDeploymentPostprocessing = 0;
		};
/* End PBXResourcesBuildPhase section */

/* Begin PBXSourcesBuildPhase section */
		ACC45E422992BF4800E88D7B /* Sources */ = {
			isa = PBXSourcesBuildPhase;
			buildActionMask = 2147483647;
			files = (
				ACD9327C2993777B001478F9 /* Data.swift in Sources */,
				ACD9327A29937666001478F9 /* ListSection.swift in Sources */,
				ACB944892994DC1600FAC94C /* Extension + UILabel.swift in Sources */,
				ACD932852993803A001478F9 /* OtherDescriptionCollectionCell.swift in Sources */,
				ACD93278299374E9001478F9 /* Item.swift in Sources */,
				ACC45E4E2992BF4800E88D7B /* ViewController.swift in Sources */,
				ACD9327F299378D7001478F9 /* MainCollectionCell.swift in Sources */,
				ACB9448D2994E2AF00FAC94C /* Extension + UIButton.swift in Sources */,
				ACC45E4A2992BF4800E88D7B /* AppDelegate.swift in Sources */,
				ACD9328129937999001478F9 /* DescriptionCollectionCell.swift in Sources */,
				ACD93287299383C4001478F9 /* SupportFirstCollectionCell.swift in Sources */,
				ACC45E4C2992BF4800E88D7B /* SceneDelegate.swift in Sources */,
				ACD9327229936D69001478F9 /* PresentationController.swift in Sources */,
				ACD9328329937E05001478F9 /* KindProfessionCollectionCell.swift in Sources */,
				ACD93289299383D8001478F9 /* SupportSecondCollectionCell.swift in Sources */,
				ACB9448B2994DFFA00FAC94C /* Extension + UIImageView.swift in Sources */,
			);
			runOnlyForDeploymentPostprocessing = 0;
		};
/* End PBXSourcesBuildPhase section */

/* Begin PBXVariantGroup section */
		ACC45E542992BF4900E88D7B /* LaunchScreen.storyboard */ = {
			isa = PBXVariantGroup;
			children = (
				ACC45E552992BF4900E88D7B /* Base */,
			);
			name = LaunchScreen.storyboard;
			sourceTree = "<group>";
		};
/* End PBXVariantGroup section */

/* Begin XCBuildConfiguration section */
		ACC45E582992BF4900E88D7B /* Debug */ = {
			isa = XCBuildConfiguration;
			buildSettings = {
				ALWAYS_SEARCH_USER_PATHS = NO;
				CLANG_ANALYZER_NONNULL = YES;
				CLANG_ANALYZER_NUMBER_OBJECT_CONVERSION = YES_AGGRESSIVE;
				CLANG_CXX_LANGUAGE_STANDARD = "gnu++20";
				CLANG_ENABLE_MODULES = YES;
				CLANG_ENABLE_OBJC_ARC = YES;
				CLANG_ENABLE_OBJC_WEAK = YES;
				CLANG_WARN_BLOCK_CAPTURE_AUTORELEASING = YES;
				CLANG_WARN_BOOL_CONVERSION = YES;
				CLANG_WARN_COMMA = YES;
				CLANG_WARN_CONSTANT_CONVERSION = YES;
				CLANG_WARN_DEPRECATED_OBJC_IMPLEMENTATIONS = YES;
				CLANG_WARN_DIRECT_OBJC_ISA_USAGE = YES_ERROR;
				CLANG_WARN_DOCUMENTATION_COMMENTS = YES;
				CLANG_WARN_EMPTY_BODY = YES;
				CLANG_WARN_ENUM_CONVERSION = YES;
				CLANG_WARN_INFINITE_RECURSION = YES;
				CLANG_WARN_INT_CONVERSION = YES;
				CLANG_WARN_NON_LITERAL_NULL_CONVERSION = YES;
				CLANG_WARN_OBJC_IMPLICIT_RETAIN_SELF = YES;
				CLANG_WARN_OBJC_LITERAL_CONVERSION = YES;
				CLANG_WARN_OBJC_ROOT_CLASS = YES_ERROR;
				CLANG_WARN_QUOTED_INCLUDE_IN_FRAMEWORK_HEADER = YES;
				CLANG_WARN_RANGE_LOOP_ANALYSIS = YES;
				CLANG_WARN_STRICT_PROTOTYPES = YES;
				CLANG_WARN_SUSPICIOUS_MOVE = YES;
				CLANG_WARN_UNGUARDED_AVAILABILITY = YES_AGGRESSIVE;
				CLANG_WARN_UNREACHABLE_CODE = YES;
				CLANG_WARN__DUPLICATE_METHOD_MATCH = YES;
				COPY_PHASE_STRIP = NO;
				DEBUG_INFORMATION_FORMAT = dwarf;
				ENABLE_STRICT_OBJC_MSGSEND = YES;
				ENABLE_TESTABILITY = YES;
				GCC_C_LANGUAGE_STANDARD = gnu11;
				GCC_DYNAMIC_NO_PIC = NO;
				GCC_NO_COMMON_BLOCKS = YES;
				GCC_OPTIMIZATION_LEVEL = 0;
				GCC_PREPROCESSOR_DEFINITIONS = (
					"DEBUG=1",
					"$(inherited)",
				);
				GCC_WARN_64_TO_32_BIT_CONVERSION = YES;
				GCC_WARN_ABOUT_RETURN_TYPE = YES_ERROR;
				GCC_WARN_UNDECLARED_SELECTOR = YES;
				GCC_WARN_UNINITIALIZED_AUTOS = YES_AGGRESSIVE;
				GCC_WARN_UNUSED_FUNCTION = YES;
				GCC_WARN_UNUSED_VARIABLE = YES;
				IPHONEOS_DEPLOYMENT_TARGET = 16.0;
				MTL_ENABLE_DEBUG_INFO = INCLUDE_SOURCE;
				MTL_FAST_MATH = YES;
				ONLY_ACTIVE_ARCH = YES;
				SDKROOT = iphoneos;
				SWIFT_ACTIVE_COMPILATION_CONDITIONS = DEBUG;
				SWIFT_OPTIMIZATION_LEVEL = "-Onone";
			};
			name = Debug;
		};
		ACC45E592992BF4900E88D7B /* Release */ = {
			isa = XCBuildConfiguration;
			buildSettings = {
				ALWAYS_SEARCH_USER_PATHS = NO;
				CLANG_ANALYZER_NONNULL = YES;
				CLANG_ANALYZER_NUMBER_OBJECT_CONVERSION = YES_AGGRESSIVE;
				CLANG_CXX_LANGUAGE_STANDARD = "gnu++20";
				CLANG_ENABLE_MODULES = YES;
				CLANG_ENABLE_OBJC_ARC = YES;
				CLANG_ENABLE_OBJC_WEAK = YES;
				CLANG_WARN_BLOCK_CAPTURE_AUTORELEASING = YES;
				CLANG_WARN_BOOL_CONVERSION = YES;
				CLANG_WARN_COMMA = YES;
				CLANG_WARN_CONSTANT_CONVERSION = YES;
				CLANG_WARN_DEPRECATED_OBJC_IMPLEMENTATIONS = YES;
				CLANG_WARN_DIRECT_OBJC_ISA_USAGE = YES_ERROR;
				CLANG_WARN_DOCUMENTATION_COMMENTS = YES;
				CLANG_WARN_EMPTY_BODY = YES;
				CLANG_WARN_ENUM_CONVERSION = YES;
				CLANG_WARN_INFINITE_RECURSION = YES;
				CLANG_WARN_INT_CONVERSION = YES;
				CLANG_WARN_NON_LITERAL_NULL_CONVERSION = YES;
				CLANG_WARN_OBJC_IMPLICIT_RETAIN_SELF = YES;
				CLANG_WARN_OBJC_LITERAL_CONVERSION = YES;
				CLANG_WARN_OBJC_ROOT_CLASS = YES_ERROR;
				CLANG_WARN_QUOTED_INCLUDE_IN_FRAMEWORK_HEADER = YES;
				CLANG_WARN_RANGE_LOOP_ANALYSIS = YES;
				CLANG_WARN_STRICT_PROTOTYPES = YES;
				CLANG_WARN_SUSPICIOUS_MOVE = YES;
				CLANG_WARN_UNGUARDED_AVAILABILITY = YES_AGGRESSIVE;
				CLANG_WARN_UNREACHABLE_CODE = YES;
				CLANG_WARN__DUPLICATE_METHOD_MATCH = YES;
				COPY_PHASE_STRIP = NO;
				DEBUG_INFORMATION_FORMAT = "dwarf-with-dsym";
				ENABLE_NS_ASSERTIONS = NO;
				ENABLE_STRICT_OBJC_MSGSEND = YES;
				GCC_C_LANGUAGE_STANDARD = gnu11;
				GCC_NO_COMMON_BLOCKS = YES;
				GCC_WARN_64_TO_32_BIT_CONVERSION = YES;
				GCC_WARN_ABOUT_RETURN_TYPE = YES_ERROR;
				GCC_WARN_UNDECLARED_SELECTOR = YES;
				GCC_WARN_UNINITIALIZED_AUTOS = YES_AGGRESSIVE;
				GCC_WARN_UNUSED_FUNCTION = YES;
				GCC_WARN_UNUSED_VARIABLE = YES;
				IPHONEOS_DEPLOYMENT_TARGET = 16.0;
				MTL_ENABLE_DEBUG_INFO = NO;
				MTL_FAST_MATH = YES;
				SDKROOT = iphoneos;
				SWIFT_COMPILATION_MODE = wholemodule;
				SWIFT_OPTIMIZATION_LEVEL = "-O";
				VALIDATE_PRODUCT = YES;
			};
			name = Release;
		};
		ACC45E5B2992BF4900E88D7B /* Debug */ = {
			isa = XCBuildConfiguration;
			buildSettings = {
				ASSETCATALOG_COMPILER_APPICON_NAME = AppIcon;
				ASSETCATALOG_COMPILER_GLOBAL_ACCENT_COLOR_NAME = AccentColor;
				CODE_SIGN_STYLE = Automatic;
				CURRENT_PROJECT_VERSION = 1;
				GENERATE_INFOPLIST_FILE = YES;
				INFOPLIST_FILE = SURF/Info.plist;
				INFOPLIST_KEY_UIApplicationSupportsIndirectInputEvents = YES;
				INFOPLIST_KEY_UILaunchStoryboardName = LaunchScreen;
				INFOPLIST_KEY_UISupportedInterfaceOrientations_iPad = "UIInterfaceOrientationPortrait UIInterfaceOrientationPortraitUpsideDown UIInterfaceOrientationLandscapeLeft UIInterfaceOrientationLandscapeRight";
				INFOPLIST_KEY_UISupportedInterfaceOrientations_iPhone = "UIInterfaceOrientationPortrait UIInterfaceOrientationLandscapeLeft UIInterfaceOrientationLandscapeRight";
				LD_RUNPATH_SEARCH_PATHS = (
					"$(inherited)",
					"@executable_path/Frameworks",
				);
				MARKETING_VERSION = 1.0;
				PRODUCT_BUNDLE_IDENTIFIER = Artemk.SURF;
				PRODUCT_NAME = "$(TARGET_NAME)";
				SWIFT_EMIT_LOC_STRINGS = YES;
				SWIFT_VERSION = 5.0;
				TARGETED_DEVICE_FAMILY = "1,2";
			};
			name = Debug;
		};
		ACC45E5C2992BF4900E88D7B /* Release */ = {
			isa = XCBuildConfiguration;
			buildSettings = {
				ASSETCATALOG_COMPILER_APPICON_NAME = AppIcon;
				ASSETCATALOG_COMPILER_GLOBAL_ACCENT_COLOR_NAME = AccentColor;
				CODE_SIGN_STYLE = Automatic;
				CURRENT_PROJECT_VERSION = 1;
				GENERATE_INFOPLIST_FILE = YES;
				INFOPLIST_FILE = SURF/Info.plist;
				INFOPLIST_KEY_UIApplicationSupportsIndirectInputEvents = YES;
				INFOPLIST_KEY_UILaunchStoryboardName = LaunchScreen;
				INFOPLIST_KEY_UISupportedInterfaceOrientations_iPad = "UIInterfaceOrientationPortrait UIInterfaceOrientationPortraitUpsideDown UIInterfaceOrientationLandscapeLeft UIInterfaceOrientationLandscapeRight";
				INFOPLIST_KEY_UISupportedInterfaceOrientations_iPhone = "UIInterfaceOrientationPortrait UIInterfaceOrientationLandscapeLeft UIInterfaceOrientationLandscapeRight";
				LD_RUNPATH_SEARCH_PATHS = (
					"$(inherited)",
					"@executable_path/Frameworks",
				);
				MARKETING_VERSION = 1.0;
				PRODUCT_BUNDLE_IDENTIFIER = Artemk.SURF;
				PRODUCT_NAME = "$(TARGET_NAME)";
				SWIFT_EMIT_LOC_STRINGS = YES;
				SWIFT_VERSION = 5.0;
				TARGETED_DEVICE_FAMILY = "1,2";
			};
			name = Release;
		};
/* End XCBuildConfiguration section */

/* Begin XCConfigurationList section */
		ACC45E412992BF4800E88D7B /* Build configuration list for PBXProject "SURF" */ = {
			isa = XCConfigurationList;
			buildConfigurations = (
				ACC45E582992BF4900E88D7B /* Debug */,
				ACC45E592992BF4900E88D7B /* Release */,
			);
			defaultConfigurationIsVisible = 0;
			defaultConfigurationName = Release;
		};
		ACC45E5A2992BF4900E88D7B /* Build configuration list for PBXNativeTarget "SURF" */ = {
			isa = XCConfigurationList;
			buildConfigurations = (
				ACC45E5B2992BF4900E88D7B /* Debug */,
				ACC45E5C2992BF4900E88D7B /* Release */,
			);
			defaultConfigurationIsVisible = 0;
			defaultConfigurationName = Release;
		};
/* End XCConfigurationList section */
	};
	rootObject = ACC45E3E2992BF4800E88D7B /* Project object */;
}
